
Microsoft Visual Studio Solution File, Format Version 12.00
# Visual Studio Version 17
VisualStudioVersion = 17.5.33424.131
MinimumVisualStudioVersion = 10.0.40219.1
Project("{2150E333-8FDC-42A3-9474-1A3956D46DE8}") = "source", "source", "{501F39B1-ED32-4693-BC3C-FEA851DF6B7F}"
EndProject
Project("{2150E333-8FDC-42A3-9474-1A3956D46DE8}") = "01-Infrastructure", "01-Infrastructure", "{57BA3AB8-D273-41C5-BE26-61FD32D513B3}"
EndProject
Project("{2150E333-8FDC-42A3-9474-1A3956D46DE8}") = "tests", "tests", "{8508F66E-BBEA-4D2C-A4C5-CB0F8C3B6603}"
EndProject
Project("{2150E333-8FDC-42A3-9474-1A3956D46DE8}") = "02-Data", "02-Data", "{5320170E-9EB0-4177-B041-E75F2495EB82}"
EndProject
Project("{2150E333-8FDC-42A3-9474-1A3956D46DE8}") = "03-BL", "03-BL", "{0FC7ED81-F7A0-4D04-BCCE-F7DCD7B8A52A}"
EndProject
Project("{2150E333-8FDC-42A3-9474-1A3956D46DE8}") = "04-Presentation", "04-Presentation", "{2A6729D6-9AF7-4BFE-A252-D7323FB14167}"
EndProject
Project("{FAE04EC0-301F-11D3-BF4B-00C04F79EFBC}") = "Quizer.Core", "source\Quizer.Core\Quizer.Core.csproj", "{5D0DC29B-ADE9-40B5-878E-FCF663B08AB2}"
EndProject
Project("{FAE04EC0-301F-11D3-BF4B-00C04F79EFBC}") = "Quizer.Models", "source\Quizer.Models\Quizer.Models.csproj", "{F783E10C-1EB1-43F5-A9CB-54E7585A8421}"
EndProject
Project("{FAE04EC0-301F-11D3-BF4B-00C04F79EFBC}") = "Quzier.Api", "source\Quzier.Api\Quzier.Api.csproj", "{153053CE-860B-4D1F-B3A1-569ABE213DE2}"
EndProject
Global
	GlobalSection(SolutionConfigurationPlatforms) = preSolution
		Debug|Any CPU = Debug|Any CPU
		Release|Any CPU = Release|Any CPU
	EndGlobalSection
	GlobalSection(ProjectConfigurationPlatforms) = postSolution
		{5D0DC29B-ADE9-40B5-878E-FCF663B08AB2}.Debug|Any CPU.ActiveCfg = Debug|Any CPU
		{5D0DC29B-ADE9-40B5-878E-FCF663B08AB2}.Debug|Any CPU.Build.0 = Debug|Any CPU
		{5D0DC29B-ADE9-40B5-878E-FCF663B08AB2}.Release|Any CPU.ActiveCfg = Release|Any CPU
		{5D0DC29B-ADE9-40B5-878E-FCF663B08AB2}.Release|Any CPU.Build.0 = Release|Any CPU
		{F783E10C-1EB1-43F5-A9CB-54E7585A8421}.Debug|Any CPU.ActiveCfg = Debug|Any CPU
		{F783E10C-1EB1-43F5-A9CB-54E7585A8421}.Debug|Any CPU.Build.0 = Debug|Any CPU
		{F783E10C-1EB1-43F5-A9CB-54E7585A8421}.Release|Any CPU.ActiveCfg = Release|Any CPU
		{F783E10C-1EB1-43F5-A9CB-54E7585A8421}.Release|Any CPU.Build.0 = Release|Any CPU
		{153053CE-860B-4D1F-B3A1-569ABE213DE2}.Debug|Any CPU.ActiveCfg = Debug|Any CPU
		{153053CE-860B-4D1F-B3A1-569ABE213DE2}.Debug|Any CPU.Build.0 = Debug|Any CPU
		{153053CE-860B-4D1F-B3A1-569ABE213DE2}.Release|Any CPU.ActiveCfg = Release|Any CPU
		{153053CE-860B-4D1F-B3A1-569ABE213DE2}.Release|Any CPU.Build.0 = Release|Any CPU
	EndGlobalSection
	GlobalSection(SolutionProperties) = preSolution
		HideSolutionNode = FALSE
	EndGlobalSection
	GlobalSection(NestedProjects) = preSolution
		{57BA3AB8-D273-41C5-BE26-61FD32D513B3} = {501F39B1-ED32-4693-BC3C-FEA851DF6B7F}
		{5320170E-9EB0-4177-B041-E75F2495EB82} = {501F39B1-ED32-4693-BC3C-FEA851DF6B7F}
		{0FC7ED81-F7A0-4D04-BCCE-F7DCD7B8A52A} = {501F39B1-ED32-4693-BC3C-FEA851DF6B7F}
		{2A6729D6-9AF7-4BFE-A252-D7323FB14167} = {501F39B1-ED32-4693-BC3C-FEA851DF6B7F}
		{5D0DC29B-ADE9-40B5-878E-FCF663B08AB2} = {57BA3AB8-D273-41C5-BE26-61FD32D513B3}
		{F783E10C-1EB1-43F5-A9CB-54E7585A8421} = {57BA3AB8-D273-41C5-BE26-61FD32D513B3}
		{153053CE-860B-4D1F-B3A1-569ABE213DE2} = {2A6729D6-9AF7-4BFE-A252-D7323FB14167}
	EndGlobalSection
	GlobalSection(ExtensibilityGlobals) = postSolution
		SolutionGuid = {E9F5B29F-6224-4A46-9D4A-D728378541F7}
	EndGlobalSection
EndGlobal
